// !$*UTF8*$!
{
	archiveVersion = 1;
	classes = {
	};
	objectVersion = 55;
	objects = {

/* Begin PBXBuildFile section */
		20169B5427C0CBCF00CAF28F /* AppDelegate.swift in Sources */ = {isa = PBXBuildFile; fileRef = 20169B5327C0CBCF00CAF28F /* AppDelegate.swift */; };
		20169B5627C0CBCF00CAF28F /* SceneDelegate.swift in Sources */ = {isa = PBXBuildFile; fileRef = 20169B5527C0CBCF00CAF28F /* SceneDelegate.swift */; };
		20169B5827C0CBCF00CAF28F /* MainViewController.swift in Sources */ = {isa = PBXBuildFile; fileRef = 20169B5727C0CBCF00CAF28F /* MainViewController.swift */; };
		20169B5B27C0CBCF00CAF28F /* MainViewController.storyboard in Resources */ = {isa = PBXBuildFile; fileRef = 20169B5927C0CBCF00CAF28F /* MainViewController.storyboard */; };
		20169B5E27C0CBCF00CAF28F /* SampleCoreData.xcdatamodeld in Sources */ = {isa = PBXBuildFile; fileRef = 20169B5C27C0CBCF00CAF28F /* SampleCoreData.xcdatamodeld */; };
		20169B6027C0CBCF00CAF28F /* Assets.xcassets in Resources */ = {isa = PBXBuildFile; fileRef = 20169B5F27C0CBCF00CAF28F /* Assets.xcassets */; };
		20169B6327C0CBCF00CAF28F /* LaunchScreen.storyboard in Resources */ = {isa = PBXBuildFile; fileRef = 20169B6127C0CBCF00CAF28F /* LaunchScreen.storyboard */; };
		20169B7027C0CD9A00CAF28F /* CoreDataRepository.swift in Sources */ = {isa = PBXBuildFile; fileRef = 20169B6F27C0CD9A00CAF28F /* CoreDataRepository.swift */; };
		20169B7427C0D43A00CAF28F /* MainTableCell.swift in Sources */ = {isa = PBXBuildFile; fileRef = 20169B7327C0D43A00CAF28F /* MainTableCell.swift */; };
		20169B7827C0D47F00CAF28F /* MainTableCell.xib in Resources */ = {isa = PBXBuildFile; fileRef = 20169B7727C0D47F00CAF28F /* MainTableCell.xib */; };
		20169B7A27C0D50D00CAF28F /* UICollectionView+Extension.swift in Sources */ = {isa = PBXBuildFile; fileRef = 20169B7927C0D50D00CAF28F /* UICollectionView+Extension.swift */; };
		20169B7C27C0D52A00CAF28F /* UICollectionViewCell+Extension.swift in Sources */ = {isa = PBXBuildFile; fileRef = 20169B7B27C0D52A00CAF28F /* UICollectionViewCell+Extension.swift */; };
		20169B7F27C0D56200CAF28F /* NibLoadable.swift in Sources */ = {isa = PBXBuildFile; fileRef = 20169B7E27C0D56200CAF28F /* NibLoadable.swift */; };
		20BBF94627C2254300D6F6CB /* FruitEntity+CoreDataClass.swift in Sources */ = {isa = PBXBuildFile; fileRef = 20BBF94427C2254300D6F6CB /* FruitEntity+CoreDataClass.swift */; };
		20BBF94727C2254300D6F6CB /* FruitEntity+CoreDataProperties.swift in Sources */ = {isa = PBXBuildFile; fileRef = 20BBF94527C2254300D6F6CB /* FruitEntity+CoreDataProperties.swift */; };
		20BBF94A27C227EC00D6F6CB /* FruitListTableCell.swift in Sources */ = {isa = PBXBuildFile; fileRef = 20BBF94927C227EC00D6F6CB /* FruitListTableCell.swift */; };
		20BBF94C27C2283400D6F6CB /* FruitListTableCell.xib in Resources */ = {isa = PBXBuildFile; fileRef = 20BBF94B27C2283400D6F6CB /* FruitListTableCell.xib */; };
		20BBF94E27C4A41800D6F6CB /* PlusTableCell.swift in Sources */ = {isa = PBXBuildFile; fileRef = 20BBF94D27C4A41800D6F6CB /* PlusTableCell.swift */; };
		20BBF95027C4A42600D6F6CB /* PlusTableCell.xib in Resources */ = {isa = PBXBuildFile; fileRef = 20BBF94F27C4A42600D6F6CB /* PlusTableCell.xib */; };
		20BBF95327C4D9F700D6F6CB /* CoreDataPublisher.swift in Sources */ = {isa = PBXBuildFile; fileRef = 20BBF95227C4D9F700D6F6CB /* CoreDataPublisher.swift */; };
		20BBF95527C4DA3900D6F6CB /* CoreDataRepository+Publisher.swift in Sources */ = {isa = PBXBuildFile; fileRef = 20BBF95427C4DA3900D6F6CB /* CoreDataRepository+Publisher.swift */; };
		20BBF95727C4DBA000D6F6CB /* ShapeListViewController.swift in Sources */ = {isa = PBXBuildFile; fileRef = 20BBF95627C4DBA000D6F6CB /* ShapeListViewController.swift */; };
		20BBF95927C4DBD300D6F6CB /* ShapeListViewController.storyboard in Resources */ = {isa = PBXBuildFile; fileRef = 20BBF95827C4DBD300D6F6CB /* ShapeListViewController.storyboard */; };
		20D4DEF127C0D64100C7258A /* UITableView+Extension.swift in Sources */ = {isa = PBXBuildFile; fileRef = 20D4DEF027C0D64100C7258A /* UITableView+Extension.swift */; };
		20D4DEF327C0D64D00C7258A /* UITableViewCell+Extension.swift in Sources */ = {isa = PBXBuildFile; fileRef = 20D4DEF227C0D64D00C7258A /* UITableViewCell+Extension.swift */; };
		20D4DEF527C0DC2300C7258A /* FruitListViewController.swift in Sources */ = {isa = PBXBuildFile; fileRef = 20D4DEF427C0DC2300C7258A /* FruitListViewController.swift */; };
		20D4DEF727C0DC6400C7258A /* FruitListViewController.storyboard in Resources */ = {isa = PBXBuildFile; fileRef = 20D4DEF627C0DC6400C7258A /* FruitListViewController.storyboard */; };
/* End PBXBuildFile section */

/* Begin PBXFileReference section */
		20169B5027C0CBCF00CAF28F /* SampleCoreData.app */ = {isa = PBXFileReference; explicitFileType = wrapper.application; includeInIndex = 0; path = SampleCoreData.app; sourceTree = BUILT_PRODUCTS_DIR; };
		20169B5327C0CBCF00CAF28F /* AppDelegate.swift */ = {isa = PBXFileReference; lastKnownFileType = sourcecode.swift; path = AppDelegate.swift; sourceTree = "<group>"; };
		20169B5527C0CBCF00CAF28F /* SceneDelegate.swift */ = {isa = PBXFileReference; lastKnownFileType = sourcecode.swift; path = SceneDelegate.swift; sourceTree = "<group>"; };
		20169B5727C0CBCF00CAF28F /* MainViewController.swift */ = {isa = PBXFileReference; lastKnownFileType = sourcecode.swift; path = MainViewController.swift; sourceTree = "<group>"; };
		20169B5A27C0CBCF00CAF28F /* Base */ = {isa = PBXFileReference; lastKnownFileType = file.storyboard; name = Base; path = Base.lproj/MainViewController.storyboard; sourceTree = "<group>"; };
		20169B5D27C0CBCF00CAF28F /* SampleCoreData.xcdatamodel */ = {isa = PBXFileReference; lastKnownFileType = wrapper.xcdatamodel; path = SampleCoreData.xcdatamodel; sourceTree = "<group>"; };
		20169B5F27C0CBCF00CAF28F /* Assets.xcassets */ = {isa = PBXFileReference; lastKnownFileType = folder.assetcatalog; path = Assets.xcassets; sourceTree = "<group>"; };
		20169B6227C0CBCF00CAF28F /* Base */ = {isa = PBXFileReference; lastKnownFileType = file.storyboard; name = Base; path = Base.lproj/LaunchScreen.storyboard; sourceTree = "<group>"; };
		20169B6427C0CBCF00CAF28F /* Info.plist */ = {isa = PBXFileReference; lastKnownFileType = text.plist.xml; path = Info.plist; sourceTree = "<group>"; };
		20169B6F27C0CD9A00CAF28F /* CoreDataRepository.swift */ = {isa = PBXFileReference; lastKnownFileType = sourcecode.swift; path = CoreDataRepository.swift; sourceTree = "<group>"; };
		20169B7327C0D43A00CAF28F /* MainTableCell.swift */ = {isa = PBXFileReference; lastKnownFileType = sourcecode.swift; path = MainTableCell.swift; sourceTree = "<group>"; };
		20169B7727C0D47F00CAF28F /* MainTableCell.xib */ = {isa = PBXFileReference; lastKnownFileType = file.xib; path = MainTableCell.xib; sourceTree = "<group>"; };
		20169B7927C0D50D00CAF28F /* UICollectionView+Extension.swift */ = {isa = PBXFileReference; lastKnownFileType = sourcecode.swift; path = "UICollectionView+Extension.swift"; sourceTree = "<group>"; };
		20169B7B27C0D52A00CAF28F /* UICollectionViewCell+Extension.swift */ = {isa = PBXFileReference; lastKnownFileType = sourcecode.swift; path = "UICollectionViewCell+Extension.swift"; sourceTree = "<group>"; };
		20169B7E27C0D56200CAF28F /* NibLoadable.swift */ = {isa = PBXFileReference; lastKnownFileType = sourcecode.swift; path = NibLoadable.swift; sourceTree = "<group>"; };
		20BBF94427C2254300D6F6CB /* FruitEntity+CoreDataClass.swift */ = {isa = PBXFileReference; lastKnownFileType = sourcecode.swift; path = "FruitEntity+CoreDataClass.swift"; sourceTree = "<group>"; };
		20BBF94527C2254300D6F6CB /* FruitEntity+CoreDataProperties.swift */ = {isa = PBXFileReference; lastKnownFileType = sourcecode.swift; path = "FruitEntity+CoreDataProperties.swift"; sourceTree = "<group>"; };
		20BBF94927C227EC00D6F6CB /* FruitListTableCell.swift */ = {isa = PBXFileReference; lastKnownFileType = sourcecode.swift; path = FruitListTableCell.swift; sourceTree = "<group>"; };
		20BBF94B27C2283400D6F6CB /* FruitListTableCell.xib */ = {isa = PBXFileReference; lastKnownFileType = file.xib; path = FruitListTableCell.xib; sourceTree = "<group>"; };
		20BBF94D27C4A41800D6F6CB /* PlusTableCell.swift */ = {isa = PBXFileReference; lastKnownFileType = sourcecode.swift; path = PlusTableCell.swift; sourceTree = "<group>"; };
		20BBF94F27C4A42600D6F6CB /* PlusTableCell.xib */ = {isa = PBXFileReference; lastKnownFileType = file.xib; path = PlusTableCell.xib; sourceTree = "<group>"; };
		20BBF95227C4D9F700D6F6CB /* CoreDataPublisher.swift */ = {isa = PBXFileReference; lastKnownFileType = sourcecode.swift; path = CoreDataPublisher.swift; sourceTree = "<group>"; };
		20BBF95427C4DA3900D6F6CB /* CoreDataRepository+Publisher.swift */ = {isa = PBXFileReference; lastKnownFileType = sourcecode.swift; path = "CoreDataRepository+Publisher.swift"; sourceTree = "<group>"; };
		20BBF95627C4DBA000D6F6CB /* ShapeListViewController.swift */ = {isa = PBXFileReference; lastKnownFileType = sourcecode.swift; path = ShapeListViewController.swift; sourceTree = "<group>"; };
		20BBF95827C4DBD300D6F6CB /* ShapeListViewController.storyboard */ = {isa = PBXFileReference; lastKnownFileType = file.storyboard; path = ShapeListViewController.storyboard; sourceTree = "<group>"; };
		20D4DEF027C0D64100C7258A /* UITableView+Extension.swift */ = {isa = PBXFileReference; lastKnownFileType = sourcecode.swift; path = "UITableView+Extension.swift"; sourceTree = "<group>"; };
		20D4DEF227C0D64D00C7258A /* UITableViewCell+Extension.swift */ = {isa = PBXFileReference; lastKnownFileType = sourcecode.swift; path = "UITableViewCell+Extension.swift"; sourceTree = "<group>"; };
		20D4DEF427C0DC2300C7258A /* FruitListViewController.swift */ = {isa = PBXFileReference; lastKnownFileType = sourcecode.swift; path = FruitListViewController.swift; sourceTree = "<group>"; };
		20D4DEF627C0DC6400C7258A /* FruitListViewController.storyboard */ = {isa = PBXFileReference; lastKnownFileType = file.storyboard; path = FruitListViewController.storyboard; sourceTree = "<group>"; };
/* End PBXFileReference section */

/* Begin PBXFrameworksBuildPhase section */
		20169B4D27C0CBCF00CAF28F /* Frameworks */ = {
			isa = PBXFrameworksBuildPhase;
			buildActionMask = 2147483647;
			files = (
			);
			runOnlyForDeploymentPostprocessing = 0;
		};
/* End PBXFrameworksBuildPhase section */

/* Begin PBXGroup section */
		20169B4727C0CBCF00CAF28F = {
			isa = PBXGroup;
			children = (
				20169B5227C0CBCF00CAF28F /* SampleCoreData */,
				20169B5127C0CBCF00CAF28F /* Products */,
			);
			sourceTree = "<group>";
		};
		20169B5127C0CBCF00CAF28F /* Products */ = {
			isa = PBXGroup;
			children = (
				20169B5027C0CBCF00CAF28F /* SampleCoreData.app */,
			);
			name = Products;
			sourceTree = "<group>";
		};
		20169B5227C0CBCF00CAF28F /* SampleCoreData */ = {
			isa = PBXGroup;
			children = (
				20169B6427C0CBCF00CAF28F /* Info.plist */,
				20169B6A27C0CC3600CAF28F /* AppDelegate */,
				20169B6B27C0CC3F00CAF28F /* ViewController */,
				20169B7227C0D41900CAF28F /* View */,
				20BBF94827C2254A00D6F6CB /* Entity */,
				20169B6D27C0CD6300CAF28F /* Repository */,
				20BBF95127C4D9EA00D6F6CB /* Combine */,
				20169B6C27C0CC4500CAF28F /* Resources */,
				20169B7D27C0D55400CAF28F /* Protocol */,
				20169B7127C0CF7B00CAF28F /* Extension */,
			);
			path = SampleCoreData;
			sourceTree = "<group>";
		};
		20169B6A27C0CC3600CAF28F /* AppDelegate */ = {
			isa = PBXGroup;
			children = (
				20169B5327C0CBCF00CAF28F /* AppDelegate.swift */,
				20169B5527C0CBCF00CAF28F /* SceneDelegate.swift */,
			);
			path = AppDelegate;
			sourceTree = "<group>";
		};
		20169B6B27C0CC3F00CAF28F /* ViewController */ = {
			isa = PBXGroup;
			children = (
				20169B5727C0CBCF00CAF28F /* MainViewController.swift */,
				20D4DEF427C0DC2300C7258A /* FruitListViewController.swift */,
				20BBF95627C4DBA000D6F6CB /* ShapeListViewController.swift */,
			);
			path = ViewController;
			sourceTree = "<group>";
		};
		20169B6C27C0CC4500CAF28F /* Resources */ = {
			isa = PBXGroup;
			children = (
				20169B5F27C0CBCF00CAF28F /* Assets.xcassets */,
				20169B5C27C0CBCF00CAF28F /* SampleCoreData.xcdatamodeld */,
				20169B7527C0D45500CAF28F /* Storyboard */,
				20169B7627C0D46000CAF28F /* Xib */,
			);
			path = Resources;
			sourceTree = "<group>";
		};
		20169B6D27C0CD6300CAF28F /* Repository */ = {
			isa = PBXGroup;
			children = (
				20169B6F27C0CD9A00CAF28F /* CoreDataRepository.swift */,
				20BBF95427C4DA3900D6F6CB /* CoreDataRepository+Publisher.swift */,
			);
			path = Repository;
			sourceTree = "<group>";
		};
		20169B7127C0CF7B00CAF28F /* Extension */ = {
			isa = PBXGroup;
			children = (
				20169B7927C0D50D00CAF28F /* UICollectionView+Extension.swift */,
				20169B7B27C0D52A00CAF28F /* UICollectionViewCell+Extension.swift */,
				20D4DEF027C0D64100C7258A /* UITableView+Extension.swift */,
				20D4DEF227C0D64D00C7258A /* UITableViewCell+Extension.swift */,
			);
			path = Extension;
			sourceTree = "<group>";
		};
		20169B7227C0D41900CAF28F /* View */ = {
			isa = PBXGroup;
			children = (
				20169B7327C0D43A00CAF28F /* MainTableCell.swift */,
				20BBF94927C227EC00D6F6CB /* FruitListTableCell.swift */,
				20BBF94D27C4A41800D6F6CB /* PlusTableCell.swift */,
			);
			path = View;
			sourceTree = "<group>";
		};
		20169B7527C0D45500CAF28F /* Storyboard */ = {
			isa = PBXGroup;
			children = (
				20169B6127C0CBCF00CAF28F /* LaunchScreen.storyboard */,
				20169B5927C0CBCF00CAF28F /* MainViewController.storyboard */,
				20D4DEF627C0DC6400C7258A /* FruitListViewController.storyboard */,
				20BBF95827C4DBD300D6F6CB /* ShapeListViewController.storyboard */,
			);
			path = Storyboard;
			sourceTree = "<group>";
		};
		20169B7627C0D46000CAF28F /* Xib */ = {
			isa = PBXGroup;
			children = (
				20169B7727C0D47F00CAF28F /* MainTableCell.xib */,
				20BBF94B27C2283400D6F6CB /* FruitListTableCell.xib */,
				20BBF94F27C4A42600D6F6CB /* PlusTableCell.xib */,
			);
			path = Xib;
			sourceTree = "<group>";
		};
		20169B7D27C0D55400CAF28F /* Protocol */ = {
			isa = PBXGroup;
			children = (
				20169B7E27C0D56200CAF28F /* NibLoadable.swift */,
			);
			path = Protocol;
			sourceTree = "<group>";
		};
		20BBF94827C2254A00D6F6CB /* Entity */ = {
			isa = PBXGroup;
			children = (
				20BBF94427C2254300D6F6CB /* FruitEntity+CoreDataClass.swift */,
				20BBF94527C2254300D6F6CB /* FruitEntity+CoreDataProperties.swift */,
			);
			path = Entity;
			sourceTree = "<group>";
		};
		20BBF95127C4D9EA00D6F6CB /* Combine */ = {
			isa = PBXGroup;
			children = (
				20BBF95227C4D9F700D6F6CB /* CoreDataPublisher.swift */,
			);
			path = Combine;
			sourceTree = "<group>";
		};
/* End PBXGroup section */

/* Begin PBXNativeTarget section */
		20169B4F27C0CBCF00CAF28F /* SampleCoreData */ = {
			isa = PBXNativeTarget;
			buildConfigurationList = 20169B6727C0CBCF00CAF28F /* Build configuration list for PBXNativeTarget "SampleCoreData" */;
			buildPhases = (
				20169B4C27C0CBCF00CAF28F /* Sources */,
				20169B4D27C0CBCF00CAF28F /* Frameworks */,
				20169B4E27C0CBCF00CAF28F /* Resources */,
			);
			buildRules = (
			);
			dependencies = (
			);
			name = SampleCoreData;
			productName = SampleCoreData;
			productReference = 20169B5027C0CBCF00CAF28F /* SampleCoreData.app */;
			productType = "com.apple.product-type.application";
		};
/* End PBXNativeTarget section */

/* Begin PBXProject section */
		20169B4827C0CBCF00CAF28F /* Project object */ = {
			isa = PBXProject;
			attributes = {
				BuildIndependentTargetsInParallel = 1;
				LastSwiftUpdateCheck = 1310;
				LastUpgradeCheck = 1310;
				TargetAttributes = {
					20169B4F27C0CBCF00CAF28F = {
						CreatedOnToolsVersion = 13.1;
					};
				};
			};
			buildConfigurationList = 20169B4B27C0CBCF00CAF28F /* Build configuration list for PBXProject "SampleCoreData" */;
			compatibilityVersion = "Xcode 13.0";
			developmentRegion = en;
			hasScannedForEncodings = 0;
			knownRegions = (
				en,
				Base,
			);
			mainGroup = 20169B4727C0CBCF00CAF28F;
			productRefGroup = 20169B5127C0CBCF00CAF28F /* Products */;
			projectDirPath = "";
			projectRoot = "";
			targets = (
				20169B4F27C0CBCF00CAF28F /* SampleCoreData */,
			);
		};
/* End PBXProject section */

/* Begin PBXResourcesBuildPhase section */
		20169B4E27C0CBCF00CAF28F /* Resources */ = {
			isa = PBXResourcesBuildPhase;
			buildActionMask = 2147483647;
			files = (
				20169B6327C0CBCF00CAF28F /* LaunchScreen.storyboard in Resources */,
				20BBF95927C4DBD300D6F6CB /* ShapeListViewController.storyboard in Resources */,
				20169B6027C0CBCF00CAF28F /* Assets.xcassets in Resources */,
				20D4DEF727C0DC6400C7258A /* FruitListViewController.storyboard in Resources */,
				20BBF94C27C2283400D6F6CB /* FruitListTableCell.xib in Resources */,
				20BBF95027C4A42600D6F6CB /* PlusTableCell.xib in Resources */,
				20169B5B27C0CBCF00CAF28F /* MainViewController.storyboard in Resources */,
				20169B7827C0D47F00CAF28F /* MainTableCell.xib in Resources */,
			);
			runOnlyForDeploymentPostprocessing = 0;
		};
/* End PBXResourcesBuildPhase section */

/* Begin PBXSourcesBuildPhase section */
		20169B4C27C0CBCF00CAF28F /* Sources */ = {
			isa = PBXSourcesBuildPhase;
			buildActionMask = 2147483647;
			files = (
				20169B7027C0CD9A00CAF28F /* CoreDataRepository.swift in Sources */,
				20169B7A27C0D50D00CAF28F /* UICollectionView+Extension.swift in Sources */,
				20169B5E27C0CBCF00CAF28F /* SampleCoreData.xcdatamodeld in Sources */,
				20169B7F27C0D56200CAF28F /* NibLoadable.swift in Sources */,
				20BBF94627C2254300D6F6CB /* FruitEntity+CoreDataClass.swift in Sources */,
				20169B5827C0CBCF00CAF28F /* MainViewController.swift in Sources */,
				20D4DEF527C0DC2300C7258A /* FruitListViewController.swift in Sources */,
				20BBF94A27C227EC00D6F6CB /* FruitListTableCell.swift in Sources */,
				20169B7C27C0D52A00CAF28F /* UICollectionViewCell+Extension.swift in Sources */,
				20D4DEF327C0D64D00C7258A /* UITableViewCell+Extension.swift in Sources */,
				20BBF94E27C4A41800D6F6CB /* PlusTableCell.swift in Sources */,
				20BBF95527C4DA3900D6F6CB /* CoreDataRepository+Publisher.swift in Sources */,
				20BBF95727C4DBA000D6F6CB /* ShapeListViewController.swift in Sources */,
				20BBF94727C2254300D6F6CB /* FruitEntity+CoreDataProperties.swift in Sources */,
				20169B7427C0D43A00CAF28F /* MainTableCell.swift in Sources */,
				20BBF95327C4D9F700D6F6CB /* CoreDataPublisher.swift in Sources */,
				20D4DEF127C0D64100C7258A /* UITableView+Extension.swift in Sources */,
				20169B5427C0CBCF00CAF28F /* AppDelegate.swift in Sources */,
				20169B5627C0CBCF00CAF28F /* SceneDelegate.swift in Sources */,
			);
			runOnlyForDeploymentPostprocessing = 0;
		};
/* End PBXSourcesBuildPhase section */

/* Begin PBXVariantGroup section */
		20169B5927C0CBCF00CAF28F /* MainViewController.storyboard */ = {
			isa = PBXVariantGroup;
			children = (
				20169B5A27C0CBCF00CAF28F /* Base */,
			);
			name = MainViewController.storyboard;
			sourceTree = "<group>";
		};
		20169B6127C0CBCF00CAF28F /* LaunchScreen.storyboard */ = {
			isa = PBXVariantGroup;
			children = (
				20169B6227C0CBCF00CAF28F /* Base */,
			);
			name = LaunchScreen.storyboard;
			sourceTree = "<group>";
		};
/* End PBXVariantGroup section */

/* Begin XCBuildConfiguration section */
		20169B6527C0CBCF00CAF28F /* Debug */ = {
			isa = XCBuildConfiguration;
			buildSettings = {
				ALWAYS_SEARCH_USER_PATHS = NO;
				CLANG_ANALYZER_NONNULL = YES;
				CLANG_ANALYZER_NUMBER_OBJECT_CONVERSION = YES_AGGRESSIVE;
				CLANG_CXX_LANGUAGE_STANDARD = "gnu++17";
				CLANG_CXX_LIBRARY = "libc++";
				CLANG_ENABLE_MODULES = YES;
				CLANG_ENABLE_OBJC_ARC = YES;
				CLANG_ENABLE_OBJC_WEAK = YES;
				CLANG_WARN_BLOCK_CAPTURE_AUTORELEASING = YES;
				CLANG_WARN_BOOL_CONVERSION = YES;
				CLANG_WARN_COMMA = YES;
				CLANG_WARN_CONSTANT_CONVERSION = YES;
				CLANG_WARN_DEPRECATED_OBJC_IMPLEMENTATIONS = YES;
				CLANG_WARN_DIRECT_OBJC_ISA_USAGE = YES_ERROR;
				CLANG_WARN_DOCUMENTATION_COMMENTS = YES;
				CLANG_WARN_EMPTY_BODY = YES;
				CLANG_WARN_ENUM_CONVERSION = YES;
				CLANG_WARN_INFINITE_RECURSION = YES;
				CLANG_WARN_INT_CONVERSION = YES;
				CLANG_WARN_NON_LITERAL_NULL_CONVERSION = YES;
				CLANG_WARN_OBJC_IMPLICIT_RETAIN_SELF = YES;
				CLANG_WARN_OBJC_LITERAL_CONVERSION = YES;
				CLANG_WARN_OBJC_ROOT_CLASS = YES_ERROR;
				CLANG_WARN_QUOTED_INCLUDE_IN_FRAMEWORK_HEADER = YES;
				CLANG_WARN_RANGE_LOOP_ANALYSIS = YES;
				CLANG_WARN_STRICT_PROTOTYPES = YES;
				CLANG_WARN_SUSPICIOUS_MOVE = YES;
				CLANG_WARN_UNGUARDED_AVAILABILITY = YES_AGGRESSIVE;
				CLANG_WARN_UNREACHABLE_CODE = YES;
				CLANG_WARN__DUPLICATE_METHOD_MATCH = YES;
				COPY_PHASE_STRIP = NO;
				DEBUG_INFORMATION_FORMAT = dwarf;
				ENABLE_STRICT_OBJC_MSGSEND = YES;
				ENABLE_TESTABILITY = YES;
				GCC_C_LANGUAGE_STANDARD = gnu11;
				GCC_DYNAMIC_NO_PIC = NO;
				GCC_NO_COMMON_BLOCKS = YES;
				GCC_OPTIMIZATION_LEVEL = 0;
				GCC_PREPROCESSOR_DEFINITIONS = (
					"DEBUG=1",
					"$(inherited)",
				);
				GCC_WARN_64_TO_32_BIT_CONVERSION = YES;
				GCC_WARN_ABOUT_RETURN_TYPE = YES_ERROR;
				GCC_WARN_UNDECLARED_SELECTOR = YES;
				GCC_WARN_UNINITIALIZED_AUTOS = YES_AGGRESSIVE;
				GCC_WARN_UNUSED_FUNCTION = YES;
				GCC_WARN_UNUSED_VARIABLE = YES;
				IPHONEOS_DEPLOYMENT_TARGET = 15.0;
				MTL_ENABLE_DEBUG_INFO = INCLUDE_SOURCE;
				MTL_FAST_MATH = YES;
				ONLY_ACTIVE_ARCH = YES;
				SDKROOT = iphoneos;
				SWIFT_ACTIVE_COMPILATION_CONDITIONS = DEBUG;
				SWIFT_OPTIMIZATION_LEVEL = "-Onone";
			};
			name = Debug;
		};
		20169B6627C0CBCF00CAF28F /* Release */ = {
			isa = XCBuildConfiguration;
			buildSettings = {
				ALWAYS_SEARCH_USER_PATHS = NO;
				CLANG_ANALYZER_NONNULL = YES;
				CLANG_ANALYZER_NUMBER_OBJECT_CONVERSION = YES_AGGRESSIVE;
				CLANG_CXX_LANGUAGE_STANDARD = "gnu++17";
				CLANG_CXX_LIBRARY = "libc++";
				CLANG_ENABLE_MODULES = YES;
				CLANG_ENABLE_OBJC_ARC = YES;
				CLANG_ENABLE_OBJC_WEAK = YES;
				CLANG_WARN_BLOCK_CAPTURE_AUTORELEASING = YES;
				CLANG_WARN_BOOL_CONVERSION = YES;
				CLANG_WARN_COMMA = YES;
				CLANG_WARN_CONSTANT_CONVERSION = YES;
				CLANG_WARN_DEPRECATED_OBJC_IMPLEMENTATIONS = YES;
				CLANG_WARN_DIRECT_OBJC_ISA_USAGE = YES_ERROR;
				CLANG_WARN_DOCUMENTATION_COMMENTS = YES;
				CLANG_WARN_EMPTY_BODY = YES;
				CLANG_WARN_ENUM_CONVERSION = YES;
				CLANG_WARN_INFINITE_RECURSION = YES;
				CLANG_WARN_INT_CONVERSION = YES;
				CLANG_WARN_NON_LITERAL_NULL_CONVERSION = YES;
				CLANG_WARN_OBJC_IMPLICIT_RETAIN_SELF = YES;
				CLANG_WARN_OBJC_LITERAL_CONVERSION = YES;
				CLANG_WARN_OBJC_ROOT_CLASS = YES_ERROR;
				CLANG_WARN_QUOTED_INCLUDE_IN_FRAMEWORK_HEADER = YES;
				CLANG_WARN_RANGE_LOOP_ANALYSIS = YES;
				CLANG_WARN_STRICT_PROTOTYPES = YES;
				CLANG_WARN_SUSPICIOUS_MOVE = YES;
				CLANG_WARN_UNGUARDED_AVAILABILITY = YES_AGGRESSIVE;
				CLANG_WARN_UNREACHABLE_CODE = YES;
				CLANG_WARN__DUPLICATE_METHOD_MATCH = YES;
				COPY_PHASE_STRIP = NO;
				DEBUG_INFORMATION_FORMAT = "dwarf-with-dsym";
				ENABLE_NS_ASSERTIONS = NO;
				ENABLE_STRICT_OBJC_MSGSEND = YES;
				GCC_C_LANGUAGE_STANDARD = gnu11;
				GCC_NO_COMMON_BLOCKS = YES;
				GCC_WARN_64_TO_32_BIT_CONVERSION = YES;
				GCC_WARN_ABOUT_RETURN_TYPE = YES_ERROR;
				GCC_WARN_UNDECLARED_SELECTOR = YES;
				GCC_WARN_UNINITIALIZED_AUTOS = YES_AGGRESSIVE;
				GCC_WARN_UNUSED_FUNCTION = YES;
				GCC_WARN_UNUSED_VARIABLE = YES;
				IPHONEOS_DEPLOYMENT_TARGET = 15.0;
				MTL_ENABLE_DEBUG_INFO = NO;
				MTL_FAST_MATH = YES;
				SDKROOT = iphoneos;
				SWIFT_COMPILATION_MODE = wholemodule;
				SWIFT_OPTIMIZATION_LEVEL = "-O";
				VALIDATE_PRODUCT = YES;
			};
			name = Release;
		};
		20169B6827C0CBCF00CAF28F /* Debug */ = {
			isa = XCBuildConfiguration;
			buildSettings = {
				ASSETCATALOG_COMPILER_APPICON_NAME = AppIcon;
				ASSETCATALOG_COMPILER_GLOBAL_ACCENT_COLOR_NAME = AccentColor;
				CODE_SIGN_STYLE = Automatic;
				CURRENT_PROJECT_VERSION = 1;
				DEVELOPMENT_TEAM = F98YCT898Q;
				GENERATE_INFOPLIST_FILE = YES;
				INFOPLIST_FILE = SampleCoreData/Info.plist;
				INFOPLIST_KEY_UIApplicationSupportsIndirectInputEvents = YES;
				INFOPLIST_KEY_UILaunchStoryboardName = LaunchScreen;
				INFOPLIST_KEY_UIMainStoryboardFile = MainViewController;
				INFOPLIST_KEY_UISupportedInterfaceOrientations_iPad = "UIInterfaceOrientationPortrait UIInterfaceOrientationPortraitUpsideDown UIInterfaceOrientationLandscapeLeft UIInterfaceOrientationLandscapeRight";
				INFOPLIST_KEY_UISupportedInterfaceOrientations_iPhone = "UIInterfaceOrientationPortrait UIInterfaceOrientationLandscapeLeft UIInterfaceOrientationLandscapeRight";
				LD_RUNPATH_SEARCH_PATHS = (
					"$(inherited)",
					"@executable_path/Frameworks",
				);
				MARKETING_VERSION = 1.0;
				PRODUCT_BUNDLE_IDENTIFIER = com.fuwamaki.SampleCoreData;
				PRODUCT_NAME = "$(TARGET_NAME)";
				SWIFT_EMIT_LOC_STRINGS = YES;
				SWIFT_VERSION = 5.0;
				TARGETED_DEVICE_FAMILY = "1,2";
			};
			name = Debug;
		};
		20169B6927C0CBCF00CAF28F /* Release */ = {
			isa = XCBuildConfiguration;
			buildSettings = {
				ASSETCATALOG_COMPILER_APPICON_NAME = AppIcon;
				ASSETCATALOG_COMPILER_GLOBAL_ACCENT_COLOR_NAME = AccentColor;
				CODE_SIGN_STYLE = Automatic;
				CURRENT_PROJECT_VERSION = 1;
				DEVELOPMENT_TEAM = F98YCT898Q;
				GENERATE_INFOPLIST_FILE = YES;
				INFOPLIST_FILE = SampleCoreData/Info.plist;
				INFOPLIST_KEY_UIApplicationSupportsIndirectInputEvents = YES;
				INFOPLIST_KEY_UILaunchStoryboardName = LaunchScreen;
				INFOPLIST_KEY_UIMainStoryboardFile = MainViewController;
				INFOPLIST_KEY_UISupportedInterfaceOrientations_iPad = "UIInterfaceOrientationPortrait UIInterfaceOrientationPortraitUpsideDown UIInterfaceOrientationLandscapeLeft UIInterfaceOrientationLandscapeRight";
				INFOPLIST_KEY_UISupportedInterfaceOrientations_iPhone = "UIInterfaceOrientationPortrait UIInterfaceOrientationLandscapeLeft UIInterfaceOrientationLandscapeRight";
				LD_RUNPATH_SEARCH_PATHS = (
					"$(inherited)",
					"@executable_path/Frameworks",
				);
				MARKETING_VERSION = 1.0;
				PRODUCT_BUNDLE_IDENTIFIER = com.fuwamaki.SampleCoreData;
				PRODUCT_NAME = "$(TARGET_NAME)";
				SWIFT_EMIT_LOC_STRINGS = YES;
				SWIFT_VERSION = 5.0;
				TARGETED_DEVICE_FAMILY = "1,2";
			};
			name = Release;
		};
/* End XCBuildConfiguration section */

/* Begin XCConfigurationList section */
		20169B4B27C0CBCF00CAF28F /* Build configuration list for PBXProject "SampleCoreData" */ = {
			isa = XCConfigurationList;
			buildConfigurations = (
				20169B6527C0CBCF00CAF28F /* Debug */,
				20169B6627C0CBCF00CAF28F /* Release */,
			);
			defaultConfigurationIsVisible = 0;
			defaultConfigurationName = Release;
		};
		20169B6727C0CBCF00CAF28F /* Build configuration list for PBXNativeTarget "SampleCoreData" */ = {
			isa = XCConfigurationList;
			buildConfigurations = (
				20169B6827C0CBCF00CAF28F /* Debug */,
				20169B6927C0CBCF00CAF28F /* Release */,
			);
			defaultConfigurationIsVisible = 0;
			defaultConfigurationName = Release;
		};
/* End XCConfigurationList section */

/* Begin XCVersionGroup section */
		20169B5C27C0CBCF00CAF28F /* SampleCoreData.xcdatamodeld */ = {
			isa = XCVersionGroup;
			children = (
				20169B5D27C0CBCF00CAF28F /* SampleCoreData.xcdatamodel */,
			);
			currentVersion = 20169B5D27C0CBCF00CAF28F /* SampleCoreData.xcdatamodel */;
			path = SampleCoreData.xcdatamodeld;
			sourceTree = "<group>";
			versionGroupType = wrapper.xcdatamodel;
		};
/* End XCVersionGroup section */
	};
	rootObject = 20169B4827C0CBCF00CAF28F /* Project object */;
}
